
Microsoft Visual Studio Solution File, Format Version 12.00
# Visual Studio Version 16
VisualStudioVersion = 16.0.30621.155
MinimumVisualStudioVersion = 10.0.40219.1
Project("{FAE04EC0-301F-11D3-BF4B-00C04F79EFBC}") = "ChainOfResponsibilityPattern", "ChainOfResponsibilityPattern.csproj", "{ADE14C59-5B30-4AB6-A188-DFFCE70B14CF}"
EndProject
Global
	GlobalSection(SolutionConfigurationPlatforms) = preSolution
		Debug|Any CPU = Debug|Any CPU
		Release|Any CPU = Release|Any CPU
	EndGlobalSection
	GlobalSection(ProjectConfigurationPlatforms) = postSolution
		{ADE14C59-5B30-4AB6-A188-DFFCE70B14CF}.Debug|Any CPU.ActiveCfg = Debug|Any CPU
		{ADE14C59-5B30-4AB6-A188-DFFCE70B14CF}.Debug|Any CPU.Build.0 = Debug|Any CPU
		{ADE14C59-5B30-4AB6-A188-DFFCE70B14CF}.Release|Any CPU.ActiveCfg = Release|Any CPU
		{ADE14C59-5B30-4AB6-A188-DFFCE70B14CF}.Release|Any CPU.Build.0 = Release|Any CPU
	EndGlobalSection
	GlobalSection(SolutionProperties) = preSolution
		HideSolutionNode = FALSE
	EndGlobalSection
	GlobalSection(ExtensibilityGlobals) = postSolution
		SolutionGuid = {6B54CED3-D95A-4543-B0CC-9DE984AD317F}
	EndGlobalSection
EndGlobal
